// !$*UTF8*$!
{
	archiveVersion = 1;
	classes = {
	};
	objectVersion = 51;
	objects = {

/* Begin PBXBuildFile section */
		39DBBDE6457D3E85388BF2C6 /* Pods_Uranus_UranusUITests.framework in Frameworks */ = {isa = PBXBuildFile; fileRef = 59A197845438FAD0B2084C28 /* Pods_Uranus_UranusUITests.framework */; };
		738D0724FCB1535F0725393E /* Pods_UranusTests.framework in Frameworks */ = {isa = PBXBuildFile; fileRef = 5C7DFDCB09F75DD7ADEAD2E1 /* Pods_UranusTests.framework */; };
		9A0BA949239794F800172F43 /* Path+addLine.swift in Sources */ = {isa = PBXBuildFile; fileRef = 9A0BA948239794F800172F43 /* Path+addLine.swift */; };
		9A0BA94B23979A7C00172F43 /* TimeLine.swift in Sources */ = {isa = PBXBuildFile; fileRef = 9A0BA94A23979A7C00172F43 /* TimeLine.swift */; };
		9A0BA94F2397A93300172F43 /* Panel.swift in Sources */ = {isa = PBXBuildFile; fileRef = 9A0BA94E2397A93300172F43 /* Panel.swift */; };
		9A0BA9512398BECF00172F43 /* Airport.swift in Sources */ = {isa = PBXBuildFile; fileRef = 9A0BA9502398BECF00172F43 /* Airport.swift */; };
		9A0BA9532398C6FC00172F43 /* CLLocationCoordinate2D+average.swift in Sources */ = {isa = PBXBuildFile; fileRef = 9A0BA9522398C6FC00172F43 /* CLLocationCoordinate2D+average.swift */; };
		9A347ED623967F8C003FEA7A /* StatusChip.swift in Sources */ = {isa = PBXBuildFile; fileRef = 9A347ED523967F8C003FEA7A /* StatusChip.swift */; };
		9A347ED823969FA4003FEA7A /* ScheduleItemView.swift in Sources */ = {isa = PBXBuildFile; fileRef = 9A347ED723969FA4003FEA7A /* ScheduleItemView.swift */; };
		9A347EDB2396BA1A003FEA7A /* SearchTextFieldStyle.swift in Sources */ = {isa = PBXBuildFile; fileRef = 9A347EDA2396BA1A003FEA7A /* SearchTextFieldStyle.swift */; };
		9A347EDD239771BA003FEA7A /* ScheduleDetailView.swift in Sources */ = {isa = PBXBuildFile; fileRef = 9A347EDC239771BA003FEA7A /* ScheduleDetailView.swift */; };
		9A7A22192394035300D06B60 /* MainTabView.swift in Sources */ = {isa = PBXBuildFile; fileRef = 9A7A22182394035300D06B60 /* MainTabView.swift */; };
		9A7A221B23940B1E00D06B60 /* ScheduleRootView.swift in Sources */ = {isa = PBXBuildFile; fileRef = 9A7A221A23940B1E00D06B60 /* ScheduleRootView.swift */; };
		9A7A221D23940B3700D06B60 /* MineRootView.swift in Sources */ = {isa = PBXBuildFile; fileRef = 9A7A221C23940B3700D06B60 /* MineRootView.swift */; };
		9A7A22202394A14F00D06B60 /* Color+Hex.swift in Sources */ = {isa = PBXBuildFile; fileRef = 9A7A221F2394A14F00D06B60 /* Color+Hex.swift */; };
		9A7A2222239533C700D06B60 /* AboutView.swift in Sources */ = {isa = PBXBuildFile; fileRef = 9A7A2221239533C700D06B60 /* AboutView.swift */; };
		9AA96311239019C3000539A4 /* AppDelegate.swift in Sources */ = {isa = PBXBuildFile; fileRef = 9AA96310239019C3000539A4 /* AppDelegate.swift */; };
		9AA96313239019C3000539A4 /* SceneDelegate.swift in Sources */ = {isa = PBXBuildFile; fileRef = 9AA96312239019C3000539A4 /* SceneDelegate.swift */; };
		9AA96315239019C3000539A4 /* ContentView.swift in Sources */ = {isa = PBXBuildFile; fileRef = 9AA96314239019C3000539A4 /* ContentView.swift */; };
		9AA96317239019C5000539A4 /* Assets.xcassets in Resources */ = {isa = PBXBuildFile; fileRef = 9AA96316239019C5000539A4 /* Assets.xcassets */; };
		9AA9631A239019C5000539A4 /* Preview Assets.xcassets in Resources */ = {isa = PBXBuildFile; fileRef = 9AA96319239019C5000539A4 /* Preview Assets.xcassets */; };
		9AA9631D239019C5000539A4 /* LaunchScreen.storyboard in Resources */ = {isa = PBXBuildFile; fileRef = 9AA9631B239019C5000539A4 /* LaunchScreen.storyboard */; };
		9AA96328239019C6000539A4 /* UranusTests.swift in Sources */ = {isa = PBXBuildFile; fileRef = 9AA96327239019C6000539A4 /* UranusTests.swift */; };
		9AA96333239019C6000539A4 /* UranusUITests.swift in Sources */ = {isa = PBXBuildFile; fileRef = 9AA96332239019C6000539A4 /* UranusUITests.swift */; };
		9AC2E7FA239F7DE700E8F61E /* BoardingPassView.swift in Sources */ = {isa = PBXBuildFile; fileRef = 9AC2E7F9239F7DE700E8F61E /* BoardingPassView.swift */; };
		9AC2E7FC23A3631500E8F61E /* PersonalInformationView.swift in Sources */ = {isa = PBXBuildFile; fileRef = 9AC2E7FB23A3631500E8F61E /* PersonalInformationView.swift */; };
		9ACBEC3F23977D6F0079C537 /* MapView.swift in Sources */ = {isa = PBXBuildFile; fileRef = 9ACBEC3E23977D6F0079C537 /* MapView.swift */; };
		F13F4A653F18D00C88A5C15F /* Pods_Uranus.framework in Frameworks */ = {isa = PBXBuildFile; fileRef = 2BEF377B3E24428C2DB78F62 /* Pods_Uranus.framework */; };
/* End PBXBuildFile section */

/* Begin PBXContainerItemProxy section */
		9AA96324239019C6000539A4 /* PBXContainerItemProxy */ = {
			isa = PBXContainerItemProxy;
			containerPortal = 9AA96305239019C3000539A4 /* Project object */;
			proxyType = 1;
			remoteGlobalIDString = 9AA9630C239019C3000539A4;
			remoteInfo = Uranus;
		};
		9AA9632F239019C6000539A4 /* PBXContainerItemProxy */ = {
			isa = PBXContainerItemProxy;
			containerPortal = 9AA96305239019C3000539A4 /* Project object */;
			proxyType = 1;
			remoteGlobalIDString = 9AA9630C239019C3000539A4;
			remoteInfo = Uranus;
		};
/* End PBXContainerItemProxy section */

/* Begin PBXFileReference section */
		2BEF377B3E24428C2DB78F62 /* Pods_Uranus.framework */ = {isa = PBXFileReference; explicitFileType = wrapper.framework; includeInIndex = 0; path = Pods_Uranus.framework; sourceTree = BUILT_PRODUCTS_DIR; };
		3E2A9165A6B74D7C74CD79BE /* Pods-Uranus.debug.xcconfig */ = {isa = PBXFileReference; includeInIndex = 1; lastKnownFileType = text.xcconfig; name = "Pods-Uranus.debug.xcconfig"; path = "Target Support Files/Pods-Uranus/Pods-Uranus.debug.xcconfig"; sourceTree = "<group>"; };
		59A197845438FAD0B2084C28 /* Pods_Uranus_UranusUITests.framework */ = {isa = PBXFileReference; explicitFileType = wrapper.framework; includeInIndex = 0; path = Pods_Uranus_UranusUITests.framework; sourceTree = BUILT_PRODUCTS_DIR; };
		5C7DFDCB09F75DD7ADEAD2E1 /* Pods_UranusTests.framework */ = {isa = PBXFileReference; explicitFileType = wrapper.framework; includeInIndex = 0; path = Pods_UranusTests.framework; sourceTree = BUILT_PRODUCTS_DIR; };
		9A0BA948239794F800172F43 /* Path+addLine.swift */ = {isa = PBXFileReference; lastKnownFileType = sourcecode.swift; path = "Path+addLine.swift"; sourceTree = "<group>"; };
		9A0BA94A23979A7C00172F43 /* TimeLine.swift */ = {isa = PBXFileReference; lastKnownFileType = sourcecode.swift; path = TimeLine.swift; sourceTree = "<group>"; };
		9A0BA94E2397A93300172F43 /* Panel.swift */ = {isa = PBXFileReference; lastKnownFileType = sourcecode.swift; path = Panel.swift; sourceTree = "<group>"; };
		9A0BA9502398BECF00172F43 /* Airport.swift */ = {isa = PBXFileReference; lastKnownFileType = sourcecode.swift; path = Airport.swift; sourceTree = "<group>"; };
		9A0BA9522398C6FC00172F43 /* CLLocationCoordinate2D+average.swift */ = {isa = PBXFileReference; lastKnownFileType = sourcecode.swift; path = "CLLocationCoordinate2D+average.swift"; sourceTree = "<group>"; };
		9A347ED523967F8C003FEA7A /* StatusChip.swift */ = {isa = PBXFileReference; lastKnownFileType = sourcecode.swift; path = StatusChip.swift; sourceTree = "<group>"; };
		9A347ED723969FA4003FEA7A /* ScheduleItemView.swift */ = {isa = PBXFileReference; lastKnownFileType = sourcecode.swift; path = ScheduleItemView.swift; sourceTree = "<group>"; };
		9A347EDA2396BA1A003FEA7A /* SearchTextFieldStyle.swift */ = {isa = PBXFileReference; lastKnownFileType = sourcecode.swift; path = SearchTextFieldStyle.swift; sourceTree = "<group>"; };
		9A347EDC239771BA003FEA7A /* ScheduleDetailView.swift */ = {isa = PBXFileReference; lastKnownFileType = sourcecode.swift; path = ScheduleDetailView.swift; sourceTree = "<group>"; };
		9A7A22182394035300D06B60 /* MainTabView.swift */ = {isa = PBXFileReference; lastKnownFileType = sourcecode.swift; path = MainTabView.swift; sourceTree = "<group>"; };
		9A7A221A23940B1E00D06B60 /* ScheduleRootView.swift */ = {isa = PBXFileReference; lastKnownFileType = sourcecode.swift; path = ScheduleRootView.swift; sourceTree = "<group>"; };
		9A7A221C23940B3700D06B60 /* MineRootView.swift */ = {isa = PBXFileReference; lastKnownFileType = sourcecode.swift; path = MineRootView.swift; sourceTree = "<group>"; };
		9A7A221F2394A14F00D06B60 /* Color+Hex.swift */ = {isa = PBXFileReference; lastKnownFileType = sourcecode.swift; path = "Color+Hex.swift"; sourceTree = "<group>"; };
		9A7A2221239533C700D06B60 /* AboutView.swift */ = {isa = PBXFileReference; lastKnownFileType = sourcecode.swift; path = AboutView.swift; sourceTree = "<group>"; };
		9AA9630D239019C3000539A4 /* Uranus.app */ = {isa = PBXFileReference; explicitFileType = wrapper.application; includeInIndex = 0; path = Uranus.app; sourceTree = BUILT_PRODUCTS_DIR; };
		9AA96310239019C3000539A4 /* AppDelegate.swift */ = {isa = PBXFileReference; lastKnownFileType = sourcecode.swift; path = AppDelegate.swift; sourceTree = "<group>"; };
		9AA96312239019C3000539A4 /* SceneDelegate.swift */ = {isa = PBXFileReference; lastKnownFileType = sourcecode.swift; path = SceneDelegate.swift; sourceTree = "<group>"; };
		9AA96314239019C3000539A4 /* ContentView.swift */ = {isa = PBXFileReference; lastKnownFileType = sourcecode.swift; path = ContentView.swift; sourceTree = "<group>"; };
		9AA96316239019C5000539A4 /* Assets.xcassets */ = {isa = PBXFileReference; lastKnownFileType = folder.assetcatalog; path = Assets.xcassets; sourceTree = "<group>"; };
		9AA96319239019C5000539A4 /* Preview Assets.xcassets */ = {isa = PBXFileReference; lastKnownFileType = folder.assetcatalog; path = "Preview Assets.xcassets"; sourceTree = "<group>"; };
		9AA9631C239019C5000539A4 /* Base */ = {isa = PBXFileReference; lastKnownFileType = file.storyboard; name = Base; path = Base.lproj/LaunchScreen.storyboard; sourceTree = "<group>"; };
		9AA9631E239019C5000539A4 /* Info.plist */ = {isa = PBXFileReference; lastKnownFileType = text.plist.xml; path = Info.plist; sourceTree = "<group>"; };
		9AA96323239019C6000539A4 /* UranusTests.xctest */ = {isa = PBXFileReference; explicitFileType = wrapper.cfbundle; includeInIndex = 0; path = UranusTests.xctest; sourceTree = BUILT_PRODUCTS_DIR; };
		9AA96327239019C6000539A4 /* UranusTests.swift */ = {isa = PBXFileReference; lastKnownFileType = sourcecode.swift; path = UranusTests.swift; sourceTree = "<group>"; };
		9AA96329239019C6000539A4 /* Info.plist */ = {isa = PBXFileReference; lastKnownFileType = text.plist.xml; path = Info.plist; sourceTree = "<group>"; };
		9AA9632E239019C6000539A4 /* UranusUITests.xctest */ = {isa = PBXFileReference; explicitFileType = wrapper.cfbundle; includeInIndex = 0; path = UranusUITests.xctest; sourceTree = BUILT_PRODUCTS_DIR; };
		9AA96332239019C6000539A4 /* UranusUITests.swift */ = {isa = PBXFileReference; lastKnownFileType = sourcecode.swift; path = UranusUITests.swift; sourceTree = "<group>"; };
		9AA96334239019C6000539A4 /* Info.plist */ = {isa = PBXFileReference; lastKnownFileType = text.plist.xml; path = Info.plist; sourceTree = "<group>"; };
		9AC2E7F9239F7DE700E8F61E /* BoardingPassView.swift */ = {isa = PBXFileReference; lastKnownFileType = sourcecode.swift; path = BoardingPassView.swift; sourceTree = "<group>"; };
		9AC2E7FB23A3631500E8F61E /* PersonalInformationView.swift */ = {isa = PBXFileReference; lastKnownFileType = sourcecode.swift; path = PersonalInformationView.swift; sourceTree = "<group>"; };
		9ACBEC3E23977D6F0079C537 /* MapView.swift */ = {isa = PBXFileReference; lastKnownFileType = sourcecode.swift; path = MapView.swift; sourceTree = "<group>"; };
		A686F2255DFF1DDEE53D36B2 /* Pods-UranusTests.release.xcconfig */ = {isa = PBXFileReference; includeInIndex = 1; lastKnownFileType = text.xcconfig; name = "Pods-UranusTests.release.xcconfig"; path = "Target Support Files/Pods-UranusTests/Pods-UranusTests.release.xcconfig"; sourceTree = "<group>"; };
		BA4ECF9C4AB804F30D546A6F /* Pods-UranusTests.debug.xcconfig */ = {isa = PBXFileReference; includeInIndex = 1; lastKnownFileType = text.xcconfig; name = "Pods-UranusTests.debug.xcconfig"; path = "Target Support Files/Pods-UranusTests/Pods-UranusTests.debug.xcconfig"; sourceTree = "<group>"; };
		C593ECB11047A8D2D9C7DB68 /* Pods-Uranus-UranusUITests.release.xcconfig */ = {isa = PBXFileReference; includeInIndex = 1; lastKnownFileType = text.xcconfig; name = "Pods-Uranus-UranusUITests.release.xcconfig"; path = "Target Support Files/Pods-Uranus-UranusUITests/Pods-Uranus-UranusUITests.release.xcconfig"; sourceTree = "<group>"; };
		E3A6A866E501DDD4207A942E /* Pods-Uranus-UranusUITests.debug.xcconfig */ = {isa = PBXFileReference; includeInIndex = 1; lastKnownFileType = text.xcconfig; name = "Pods-Uranus-UranusUITests.debug.xcconfig"; path = "Target Support Files/Pods-Uranus-UranusUITests/Pods-Uranus-UranusUITests.debug.xcconfig"; sourceTree = "<group>"; };
		E54FAFF6763F93253921FA4E /* Pods-Uranus.release.xcconfig */ = {isa = PBXFileReference; includeInIndex = 1; lastKnownFileType = text.xcconfig; name = "Pods-Uranus.release.xcconfig"; path = "Target Support Files/Pods-Uranus/Pods-Uranus.release.xcconfig"; sourceTree = "<group>"; };
/* End PBXFileReference section */

/* Begin PBXFrameworksBuildPhase section */
		9AA9630A239019C3000539A4 /* Frameworks */ = {
			isa = PBXFrameworksBuildPhase;
			buildActionMask = 2147483647;
			files = (
				F13F4A653F18D00C88A5C15F /* Pods_Uranus.framework in Frameworks */,
			);
			runOnlyForDeploymentPostprocessing = 0;
		};
		9AA96320239019C6000539A4 /* Frameworks */ = {
			isa = PBXFrameworksBuildPhase;
			buildActionMask = 2147483647;
			files = (
				738D0724FCB1535F0725393E /* Pods_UranusTests.framework in Frameworks */,
			);
			runOnlyForDeploymentPostprocessing = 0;
		};
		9AA9632B239019C6000539A4 /* Frameworks */ = {
			isa = PBXFrameworksBuildPhase;
			buildActionMask = 2147483647;
			files = (
				39DBBDE6457D3E85388BF2C6 /* Pods_Uranus_UranusUITests.framework in Frameworks */,
			);
			runOnlyForDeploymentPostprocessing = 0;
		};
/* End PBXFrameworksBuildPhase section */

/* Begin PBXGroup section */
		37CEBCA01C59C0420B21551D /* Frameworks */ = {
			isa = PBXGroup;
			children = (
				2BEF377B3E24428C2DB78F62 /* Pods_Uranus.framework */,
				59A197845438FAD0B2084C28 /* Pods_Uranus_UranusUITests.framework */,
				5C7DFDCB09F75DD7ADEAD2E1 /* Pods_UranusTests.framework */,
			);
			name = Frameworks;
			sourceTree = "<group>";
		};
		7EDA34A9057A8E8E5D613B49 /* Pods */ = {
			isa = PBXGroup;
			children = (
				3E2A9165A6B74D7C74CD79BE /* Pods-Uranus.debug.xcconfig */,
				E54FAFF6763F93253921FA4E /* Pods-Uranus.release.xcconfig */,
				E3A6A866E501DDD4207A942E /* Pods-Uranus-UranusUITests.debug.xcconfig */,
				C593ECB11047A8D2D9C7DB68 /* Pods-Uranus-UranusUITests.release.xcconfig */,
				BA4ECF9C4AB804F30D546A6F /* Pods-UranusTests.debug.xcconfig */,
				A686F2255DFF1DDEE53D36B2 /* Pods-UranusTests.release.xcconfig */,
			);
			path = Pods;
			sourceTree = "<group>";
		};
		9A347EDE23977477003FEA7A /* Utils */ = {
			isa = PBXGroup;
			children = (
				9A347ED523967F8C003FEA7A /* StatusChip.swift */,
				9ACBEC3E23977D6F0079C537 /* MapView.swift */,
				9A0BA94A23979A7C00172F43 /* TimeLine.swift */,
				9A0BA94E2397A93300172F43 /* Panel.swift */,
			);
			path = Utils;
			sourceTree = "<group>";
		};
		9A7A22152393FC7800D06B60 /* Model */ = {
			isa = PBXGroup;
			children = (
				9A0BA9502398BECF00172F43 /* Airport.swift */,
			);
			path = Model;
			sourceTree = "<group>";
		};
		9A7A22162393FC8500D06B60 /* View */ = {
			isa = PBXGroup;
			children = (
				9A347EDE23977477003FEA7A /* Utils */,
				9A7A22182394035300D06B60 /* MainTabView.swift */,
				9A7A221A23940B1E00D06B60 /* ScheduleRootView.swift */,
				9A7A221C23940B3700D06B60 /* MineRootView.swift */,
				9A7A2221239533C700D06B60 /* AboutView.swift */,
				9A347ED723969FA4003FEA7A /* ScheduleItemView.swift */,
				9A347EDC239771BA003FEA7A /* ScheduleDetailView.swift */,
				9AC2E7F9239F7DE700E8F61E /* BoardingPassView.swift */,
				9AC2E7FB23A3631500E8F61E /* PersonalInformationView.swift */,
			);
			path = View;
			sourceTree = "<group>";
		};
		9A7A22172393FCBA00D06B60 /* Utils */ = {
			isa = PBXGroup;
			children = (
				9A347EDA2396BA1A003FEA7A /* SearchTextFieldStyle.swift */,
			);
			path = Utils;
			sourceTree = "<group>";
		};
		9A7A221E2394A12600D06B60 /* Extensions */ = {
			isa = PBXGroup;
			children = (
				9A7A221F2394A14F00D06B60 /* Color+Hex.swift */,
				9A0BA948239794F800172F43 /* Path+addLine.swift */,
				9A0BA9522398C6FC00172F43 /* CLLocationCoordinate2D+average.swift */,
			);
			path = Extensions;
			sourceTree = "<group>";
		};
		9AA96304239019C3000539A4 = {
			isa = PBXGroup;
			children = (
				9AA9630F239019C3000539A4 /* Uranus */,
				9AA96326239019C6000539A4 /* UranusTests */,
				9AA96331239019C6000539A4 /* UranusUITests */,
				9AA9630E239019C3000539A4 /* Products */,
				7EDA34A9057A8E8E5D613B49 /* Pods */,
				37CEBCA01C59C0420B21551D /* Frameworks */,
			);
			sourceTree = "<group>";
		};
		9AA9630E239019C3000539A4 /* Products */ = {
			isa = PBXGroup;
			children = (
				9AA9630D239019C3000539A4 /* Uranus.app */,
				9AA96323239019C6000539A4 /* UranusTests.xctest */,
				9AA9632E239019C6000539A4 /* UranusUITests.xctest */,
			);
			name = Products;
			sourceTree = "<group>";
		};
		9AA9630F239019C3000539A4 /* Uranus */ = {
			isa = PBXGroup;
			children = (
				9A7A221E2394A12600D06B60 /* Extensions */,
				9A7A22172393FCBA00D06B60 /* Utils */,
				9A7A22162393FC8500D06B60 /* View */,
				9A7A22152393FC7800D06B60 /* Model */,
				9AA96310239019C3000539A4 /* AppDelegate.swift */,
				9AA96312239019C3000539A4 /* SceneDelegate.swift */,
				9AA96314239019C3000539A4 /* ContentView.swift */,
				9AA96316239019C5000539A4 /* Assets.xcassets */,
				9AA9631B239019C5000539A4 /* LaunchScreen.storyboard */,
				9AA9631E239019C5000539A4 /* Info.plist */,
				9AA96318239019C5000539A4 /* Preview Content */,
			);
			path = Uranus;
			sourceTree = "<group>";
		};
		9AA96318239019C5000539A4 /* Preview Content */ = {
			isa = PBXGroup;
			children = (
				9AA96319239019C5000539A4 /* Preview Assets.xcassets */,
			);
			path = "Preview Content";
			sourceTree = "<group>";
		};
		9AA96326239019C6000539A4 /* UranusTests */ = {
			isa = PBXGroup;
			children = (
				9AA96327239019C6000539A4 /* UranusTests.swift */,
				9AA96329239019C6000539A4 /* Info.plist */,
			);
			path = UranusTests;
			sourceTree = "<group>";
		};
		9AA96331239019C6000539A4 /* UranusUITests */ = {
			isa = PBXGroup;
			children = (
				9AA96332239019C6000539A4 /* UranusUITests.swift */,
				9AA96334239019C6000539A4 /* Info.plist */,
			);
			path = UranusUITests;
			sourceTree = "<group>";
		};
/* End PBXGroup section */

/* Begin PBXNativeTarget section */
		9AA9630C239019C3000539A4 /* Uranus */ = {
			isa = PBXNativeTarget;
			buildConfigurationList = 9AA96337239019C6000539A4 /* Build configuration list for PBXNativeTarget "Uranus" */;
			buildPhases = (
				0AB77443D81C520424807072 /* [CP] Check Pods Manifest.lock */,
				9AA96309239019C3000539A4 /* Sources */,
				9AA9630A239019C3000539A4 /* Frameworks */,
				9AA9630B239019C3000539A4 /* Resources */,
				4CBAEC661EA61BE298EEB983 /* [CP] Embed Pods Frameworks */,
				9A347ED92396A3EE003FEA7A /* SwiftLint */,
			);
			buildRules = (
			);
			dependencies = (
			);
			name = Uranus;
			productName = Uranus;
			productReference = 9AA9630D239019C3000539A4 /* Uranus.app */;
			productType = "com.apple.product-type.application";
		};
		9AA96322239019C6000539A4 /* UranusTests */ = {
			isa = PBXNativeTarget;
			buildConfigurationList = 9AA9633A239019C6000539A4 /* Build configuration list for PBXNativeTarget "UranusTests" */;
			buildPhases = (
				4EAA6FBBC61D28DD09643EF3 /* [CP] Check Pods Manifest.lock */,
				9AA9631F239019C6000539A4 /* Sources */,
				9AA96320239019C6000539A4 /* Frameworks */,
				9AA96321239019C6000539A4 /* Resources */,
			);
			buildRules = (
			);
			dependencies = (
				9AA96325239019C6000539A4 /* PBXTargetDependency */,
			);
			name = UranusTests;
			productName = UranusTests;
			productReference = 9AA96323239019C6000539A4 /* UranusTests.xctest */;
			productType = "com.apple.product-type.bundle.unit-test";
		};
		9AA9632D239019C6000539A4 /* UranusUITests */ = {
			isa = PBXNativeTarget;
			buildConfigurationList = 9AA9633D239019C6000539A4 /* Build configuration list for PBXNativeTarget "UranusUITests" */;
			buildPhases = (
				E6F00F0DC72F89232CC87BB1 /* [CP] Check Pods Manifest.lock */,
				9AA9632A239019C6000539A4 /* Sources */,
				9AA9632B239019C6000539A4 /* Frameworks */,
				9AA9632C239019C6000539A4 /* Resources */,
				2A04FC001F75D60060A0DE13 /* [CP] Embed Pods Frameworks */,
			);
			buildRules = (
			);
			dependencies = (
				9AA96330239019C6000539A4 /* PBXTargetDependency */,
			);
			name = UranusUITests;
			productName = UranusUITests;
			productReference = 9AA9632E239019C6000539A4 /* UranusUITests.xctest */;
			productType = "com.apple.product-type.bundle.ui-testing";
		};
/* End PBXNativeTarget section */

/* Begin PBXProject section */
		9AA96305239019C3000539A4 /* Project object */ = {
			isa = PBXProject;
			attributes = {
				LastSwiftUpdateCheck = 1120;
				LastUpgradeCheck = 1120;
				ORGANIZATIONNAME = "Yuchen Cheng";
				TargetAttributes = {
					9AA9630C239019C3000539A4 = {
						CreatedOnToolsVersion = 11.2.1;
					};
					9AA96322239019C6000539A4 = {
						CreatedOnToolsVersion = 11.2.1;
						TestTargetID = 9AA9630C239019C3000539A4;
					};
					9AA9632D239019C6000539A4 = {
						CreatedOnToolsVersion = 11.2.1;
						TestTargetID = 9AA9630C239019C3000539A4;
					};
				};
			};
			buildConfigurationList = 9AA96308239019C3000539A4 /* Build configuration list for PBXProject "Uranus" */;
			compatibilityVersion = "Xcode 9.3";
			developmentRegion = en;
			hasScannedForEncodings = 0;
			knownRegions = (
				en,
				Base,
			);
			mainGroup = 9AA96304239019C3000539A4;
			productRefGroup = 9AA9630E239019C3000539A4 /* Products */;
			projectDirPath = "";
			projectRoot = "";
			targets = (
				9AA9630C239019C3000539A4 /* Uranus */,
				9AA96322239019C6000539A4 /* UranusTests */,
				9AA9632D239019C6000539A4 /* UranusUITests */,
			);
		};
/* End PBXProject section */

/* Begin PBXResourcesBuildPhase section */
		9AA9630B239019C3000539A4 /* Resources */ = {
			isa = PBXResourcesBuildPhase;
			buildActionMask = 2147483647;
			files = (
				9AA9631D239019C5000539A4 /* LaunchScreen.storyboard in Resources */,
				9AA9631A239019C5000539A4 /* Preview Assets.xcassets in Resources */,
				9AA96317239019C5000539A4 /* Assets.xcassets in Resources */,
			);
			runOnlyForDeploymentPostprocessing = 0;
		};
		9AA96321239019C6000539A4 /* Resources */ = {
			isa = PBXResourcesBuildPhase;
			buildActionMask = 2147483647;
			files = (
			);
			runOnlyForDeploymentPostprocessing = 0;
		};
		9AA9632C239019C6000539A4 /* Resources */ = {
			isa = PBXResourcesBuildPhase;
			buildActionMask = 2147483647;
			files = (
			);
			runOnlyForDeploymentPostprocessing = 0;
		};
/* End PBXResourcesBuildPhase section */

/* Begin PBXShellScriptBuildPhase section */
		0AB77443D81C520424807072 /* [CP] Check Pods Manifest.lock */ = {
			isa = PBXShellScriptBuildPhase;
			buildActionMask = 2147483647;
			files = (
			);
			inputFileListPaths = (
			);
			inputPaths = (
				"${PODS_PODFILE_DIR_PATH}/Podfile.lock",
				"${PODS_ROOT}/Manifest.lock",
			);
			name = "[CP] Check Pods Manifest.lock";
			outputFileListPaths = (
			);
			outputPaths = (
				"$(DERIVED_FILE_DIR)/Pods-Uranus-checkManifestLockResult.txt",
			);
			runOnlyForDeploymentPostprocessing = 0;
			shellPath = /bin/sh;
			shellScript = "diff \"${PODS_PODFILE_DIR_PATH}/Podfile.lock\" \"${PODS_ROOT}/Manifest.lock\" > /dev/null\nif [ $? != 0 ] ; then\n    # print error to STDERR\n    echo \"error: The sandbox is not in sync with the Podfile.lock. Run 'pod install' or update your CocoaPods installation.\" >&2\n    exit 1\nfi\n# This output is used by Xcode 'outputs' to avoid re-running this script phase.\necho \"SUCCESS\" > \"${SCRIPT_OUTPUT_FILE_0}\"\n";
			showEnvVarsInLog = 0;
		};
		2A04FC001F75D60060A0DE13 /* [CP] Embed Pods Frameworks */ = {
			isa = PBXShellScriptBuildPhase;
			buildActionMask = 2147483647;
			files = (
			);
			inputFileListPaths = (
				"${PODS_ROOT}/Target Support Files/Pods-Uranus-UranusUITests/Pods-Uranus-UranusUITests-frameworks-${CONFIGURATION}-input-files.xcfilelist",
			);
			name = "[CP] Embed Pods Frameworks";
			outputFileListPaths = (
				"${PODS_ROOT}/Target Support Files/Pods-Uranus-UranusUITests/Pods-Uranus-UranusUITests-frameworks-${CONFIGURATION}-output-files.xcfilelist",
			);
			runOnlyForDeploymentPostprocessing = 0;
			shellPath = /bin/sh;
			shellScript = "\"${PODS_ROOT}/Target Support Files/Pods-Uranus-UranusUITests/Pods-Uranus-UranusUITests-frameworks.sh\"\n";
			showEnvVarsInLog = 0;
		};
		4CBAEC661EA61BE298EEB983 /* [CP] Embed Pods Frameworks */ = {
			isa = PBXShellScriptBuildPhase;
			buildActionMask = 2147483647;
			files = (
			);
			inputFileListPaths = (
				"${PODS_ROOT}/Target Support Files/Pods-Uranus/Pods-Uranus-frameworks-${CONFIGURATION}-input-files.xcfilelist",
			);
			name = "[CP] Embed Pods Frameworks";
			outputFileListPaths = (
				"${PODS_ROOT}/Target Support Files/Pods-Uranus/Pods-Uranus-frameworks-${CONFIGURATION}-output-files.xcfilelist",
			);
			runOnlyForDeploymentPostprocessing = 0;
			shellPath = /bin/sh;
			shellScript = "\"${PODS_ROOT}/Target Support Files/Pods-Uranus/Pods-Uranus-frameworks.sh\"\n";
			showEnvVarsInLog = 0;
		};
		4EAA6FBBC61D28DD09643EF3 /* [CP] Check Pods Manifest.lock */ = {
			isa = PBXShellScriptBuildPhase;
			buildActionMask = 2147483647;
			files = (
			);
			inputFileListPaths = (
			);
			inputPaths = (
				"${PODS_PODFILE_DIR_PATH}/Podfile.lock",
				"${PODS_ROOT}/Manifest.lock",
			);
			name = "[CP] Check Pods Manifest.lock";
			outputFileListPaths = (
			);
			outputPaths = (
				"$(DERIVED_FILE_DIR)/Pods-UranusTests-checkManifestLockResult.txt",
			);
			runOnlyForDeploymentPostprocessing = 0;
			shellPath = /bin/sh;
			shellScript = "diff \"${PODS_PODFILE_DIR_PATH}/Podfile.lock\" \"${PODS_ROOT}/Manifest.lock\" > /dev/null\nif [ $? != 0 ] ; then\n    # print error to STDERR\n    echo \"error: The sandbox is not in sync with the Podfile.lock. Run 'pod install' or update your CocoaPods installation.\" >&2\n    exit 1\nfi\n# This output is used by Xcode 'outputs' to avoid re-running this script phase.\necho \"SUCCESS\" > \"${SCRIPT_OUTPUT_FILE_0}\"\n";
			showEnvVarsInLog = 0;
		};
		9A347ED92396A3EE003FEA7A /* SwiftLint */ = {
			isa = PBXShellScriptBuildPhase;
			buildActionMask = 2147483647;
			files = (
			);
			inputFileListPaths = (
			);
			inputPaths = (
			);
			name = SwiftLint;
			outputFileListPaths = (
			);
			outputPaths = (
			);
			runOnlyForDeploymentPostprocessing = 0;
			shellPath = /bin/sh;
			shellScript = "swiftlint=\"${PODS_ROOT}/SwiftLint/swiftlint\"\nif which swiftlint >/dev/null; then\n  swiftlint\nelse\n  echo \"warning: SwiftLint not installed, download from https://github.com/realm/SwiftLint\"\nfi\n";
		};
		E6F00F0DC72F89232CC87BB1 /* [CP] Check Pods Manifest.lock */ = {
			isa = PBXShellScriptBuildPhase;
			buildActionMask = 2147483647;
			files = (
			);
			inputFileListPaths = (
			);
			inputPaths = (
				"${PODS_PODFILE_DIR_PATH}/Podfile.lock",
				"${PODS_ROOT}/Manifest.lock",
			);
			name = "[CP] Check Pods Manifest.lock";
			outputFileListPaths = (
			);
			outputPaths = (
				"$(DERIVED_FILE_DIR)/Pods-Uranus-UranusUITests-checkManifestLockResult.txt",
			);
			runOnlyForDeploymentPostprocessing = 0;
			shellPath = /bin/sh;
			shellScript = "diff \"${PODS_PODFILE_DIR_PATH}/Podfile.lock\" \"${PODS_ROOT}/Manifest.lock\" > /dev/null\nif [ $? != 0 ] ; then\n    # print error to STDERR\n    echo \"error: The sandbox is not in sync with the Podfile.lock. Run 'pod install' or update your CocoaPods installation.\" >&2\n    exit 1\nfi\n# This output is used by Xcode 'outputs' to avoid re-running this script phase.\necho \"SUCCESS\" > \"${SCRIPT_OUTPUT_FILE_0}\"\n";
			showEnvVarsInLog = 0;
		};
/* End PBXShellScriptBuildPhase section */

/* Begin PBXSourcesBuildPhase section */
		9AA96309239019C3000539A4 /* Sources */ = {
			isa = PBXSourcesBuildPhase;
			buildActionMask = 2147483647;
			files = (
				9A7A2222239533C700D06B60 /* AboutView.swift in Sources */,
				9AC2E7FC23A3631500E8F61E /* PersonalInformationView.swift in Sources */,
				9A0BA9532398C6FC00172F43 /* CLLocationCoordinate2D+average.swift in Sources */,
				9A347EDB2396BA1A003FEA7A /* SearchTextFieldStyle.swift in Sources */,
				9A347EDD239771BA003FEA7A /* ScheduleDetailView.swift in Sources */,
				9A347ED623967F8C003FEA7A /* StatusChip.swift in Sources */,
				9ACBEC3F23977D6F0079C537 /* MapView.swift in Sources */,
				9AC2E7FA239F7DE700E8F61E /* BoardingPassView.swift in Sources */,
				9A7A22202394A14F00D06B60 /* Color+Hex.swift in Sources */,
				9A0BA94F2397A93300172F43 /* Panel.swift in Sources */,
				9AA96311239019C3000539A4 /* AppDelegate.swift in Sources */,
				9A7A221B23940B1E00D06B60 /* ScheduleRootView.swift in Sources */,
				9AA96313239019C3000539A4 /* SceneDelegate.swift in Sources */,
				9A347ED823969FA4003FEA7A /* ScheduleItemView.swift in Sources */,
				9A0BA94B23979A7C00172F43 /* TimeLine.swift in Sources */,
				9A7A221D23940B3700D06B60 /* MineRootView.swift in Sources */,
				9AA96315239019C3000539A4 /* ContentView.swift in Sources */,
				9A0BA9512398BECF00172F43 /* Airport.swift in Sources */,
				9A0BA949239794F800172F43 /* Path+addLine.swift in Sources */,
				9A7A22192394035300D06B60 /* MainTabView.swift in Sources */,
			);
			runOnlyForDeploymentPostprocessing = 0;
		};
		9AA9631F239019C6000539A4 /* Sources */ = {
			isa = PBXSourcesBuildPhase;
			buildActionMask = 2147483647;
			files = (
				9AA96328239019C6000539A4 /* UranusTests.swift in Sources */,
			);
			runOnlyForDeploymentPostprocessing = 0;
		};
		9AA9632A239019C6000539A4 /* Sources */ = {
			isa = PBXSourcesBuildPhase;
			buildActionMask = 2147483647;
			files = (
				9AA96333239019C6000539A4 /* UranusUITests.swift in Sources */,
			);
			runOnlyForDeploymentPostprocessing = 0;
		};
/* End PBXSourcesBuildPhase section */

/* Begin PBXTargetDependency section */
		9AA96325239019C6000539A4 /* PBXTargetDependency */ = {
			isa = PBXTargetDependency;
			target = 9AA9630C239019C3000539A4 /* Uranus */;
			targetProxy = 9AA96324239019C6000539A4 /* PBXContainerItemProxy */;
		};
		9AA96330239019C6000539A4 /* PBXTargetDependency */ = {
			isa = PBXTargetDependency;
			target = 9AA9630C239019C3000539A4 /* Uranus */;
			targetProxy = 9AA9632F239019C6000539A4 /* PBXContainerItemProxy */;
		};
/* End PBXTargetDependency section */

/* Begin PBXVariantGroup section */
		9AA9631B239019C5000539A4 /* LaunchScreen.storyboard */ = {
			isa = PBXVariantGroup;
			children = (
				9AA9631C239019C5000539A4 /* Base */,
			);
			name = LaunchScreen.storyboard;
			sourceTree = "<group>";
		};
/* End PBXVariantGroup section */

/* Begin XCBuildConfiguration section */
		9AA96335239019C6000539A4 /* Debug */ = {
			isa = XCBuildConfiguration;
			buildSettings = {
				ALWAYS_SEARCH_USER_PATHS = NO;
				CLANG_ANALYZER_NONNULL = YES;
				CLANG_ANALYZER_NUMBER_OBJECT_CONVERSION = YES_AGGRESSIVE;
				CLANG_CXX_LANGUAGE_STANDARD = "gnu++14";
				CLANG_CXX_LIBRARY = "libc++";
				CLANG_ENABLE_MODULES = YES;
				CLANG_ENABLE_OBJC_ARC = YES;
				CLANG_ENABLE_OBJC_WEAK = YES;
				CLANG_WARN_BLOCK_CAPTURE_AUTORELEASING = YES;
				CLANG_WARN_BOOL_CONVERSION = YES;
				CLANG_WARN_COMMA = YES;
				CLANG_WARN_CONSTANT_CONVERSION = YES;
				CLANG_WARN_DEPRECATED_OBJC_IMPLEMENTATIONS = YES;
				CLANG_WARN_DIRECT_OBJC_ISA_USAGE = YES_ERROR;
				CLANG_WARN_DOCUMENTATION_COMMENTS = YES;
				CLANG_WARN_EMPTY_BODY = YES;
				CLANG_WARN_ENUM_CONVERSION = YES;
				CLANG_WARN_INFINITE_RECURSION = YES;
				CLANG_WARN_INT_CONVERSION = YES;
				CLANG_WARN_NON_LITERAL_NULL_CONVERSION = YES;
				CLANG_WARN_OBJC_IMPLICIT_RETAIN_SELF = YES;
				CLANG_WARN_OBJC_LITERAL_CONVERSION = YES;
				CLANG_WARN_OBJC_ROOT_CLASS = YES_ERROR;
				CLANG_WARN_RANGE_LOOP_ANALYSIS = YES;
				CLANG_WARN_STRICT_PROTOTYPES = YES;
				CLANG_WARN_SUSPICIOUS_MOVE = YES;
				CLANG_WARN_UNGUARDED_AVAILABILITY = YES_AGGRESSIVE;
				CLANG_WARN_UNREACHABLE_CODE = YES;
				CLANG_WARN__DUPLICATE_METHOD_MATCH = YES;
				COPY_PHASE_STRIP = NO;
				DEBUG_INFORMATION_FORMAT = dwarf;
				ENABLE_STRICT_OBJC_MSGSEND = YES;
				ENABLE_TESTABILITY = YES;
				GCC_C_LANGUAGE_STANDARD = gnu11;
				GCC_DYNAMIC_NO_PIC = NO;
				GCC_NO_COMMON_BLOCKS = YES;
				GCC_OPTIMIZATION_LEVEL = 0;
				GCC_PREPROCESSOR_DEFINITIONS = (
					"DEBUG=1",
					"$(inherited)",
				);
				GCC_WARN_64_TO_32_BIT_CONVERSION = YES;
				GCC_WARN_ABOUT_RETURN_TYPE = YES_ERROR;
				GCC_WARN_UNDECLARED_SELECTOR = YES;
				GCC_WARN_UNINITIALIZED_AUTOS = YES_AGGRESSIVE;
				GCC_WARN_UNUSED_FUNCTION = YES;
				GCC_WARN_UNUSED_VARIABLE = YES;
				IPHONEOS_DEPLOYMENT_TARGET = 13.0;
				MTL_ENABLE_DEBUG_INFO = INCLUDE_SOURCE;
				MTL_FAST_MATH = YES;
				ONLY_ACTIVE_ARCH = YES;
				SDKROOT = iphoneos;
				SWIFT_ACTIVE_COMPILATION_CONDITIONS = DEBUG;
				SWIFT_OPTIMIZATION_LEVEL = "-Onone";
			};
			name = Debug;
		};
		9AA96336239019C6000539A4 /* Release */ = {
			isa = XCBuildConfiguration;
			buildSettings = {
				ALWAYS_SEARCH_USER_PATHS = NO;
				CLANG_ANALYZER_NONNULL = YES;
				CLANG_ANALYZER_NUMBER_OBJECT_CONVERSION = YES_AGGRESSIVE;
				CLANG_CXX_LANGUAGE_STANDARD = "gnu++14";
				CLANG_CXX_LIBRARY = "libc++";
				CLANG_ENABLE_MODULES = YES;
				CLANG_ENABLE_OBJC_ARC = YES;
				CLANG_ENABLE_OBJC_WEAK = YES;
				CLANG_WARN_BLOCK_CAPTURE_AUTORELEASING = YES;
				CLANG_WARN_BOOL_CONVERSION = YES;
				CLANG_WARN_COMMA = YES;
				CLANG_WARN_CONSTANT_CONVERSION = YES;
				CLANG_WARN_DEPRECATED_OBJC_IMPLEMENTATIONS = YES;
				CLANG_WARN_DIRECT_OBJC_ISA_USAGE = YES_ERROR;
				CLANG_WARN_DOCUMENTATION_COMMENTS = YES;
				CLANG_WARN_EMPTY_BODY = YES;
				CLANG_WARN_ENUM_CONVERSION = YES;
				CLANG_WARN_INFINITE_RECURSION = YES;
				CLANG_WARN_INT_CONVERSION = YES;
				CLANG_WARN_NON_LITERAL_NULL_CONVERSION = YES;
				CLANG_WARN_OBJC_IMPLICIT_RETAIN_SELF = YES;
				CLANG_WARN_OBJC_LITERAL_CONVERSION = YES;
				CLANG_WARN_OBJC_ROOT_CLASS = YES_ERROR;
				CLANG_WARN_RANGE_LOOP_ANALYSIS = YES;
				CLANG_WARN_STRICT_PROTOTYPES = YES;
				CLANG_WARN_SUSPICIOUS_MOVE = YES;
				CLANG_WARN_UNGUARDED_AVAILABILITY = YES_AGGRESSIVE;
				CLANG_WARN_UNREACHABLE_CODE = YES;
				CLANG_WARN__DUPLICATE_METHOD_MATCH = YES;
				COPY_PHASE_STRIP = NO;
				DEBUG_INFORMATION_FORMAT = "dwarf-with-dsym";
				ENABLE_NS_ASSERTIONS = NO;
				ENABLE_STRICT_OBJC_MSGSEND = YES;
				GCC_C_LANGUAGE_STANDARD = gnu11;
				GCC_NO_COMMON_BLOCKS = YES;
				GCC_WARN_64_TO_32_BIT_CONVERSION = YES;
				GCC_WARN_ABOUT_RETURN_TYPE = YES_ERROR;
				GCC_WARN_UNDECLARED_SELECTOR = YES;
				GCC_WARN_UNINITIALIZED_AUTOS = YES_AGGRESSIVE;
				GCC_WARN_UNUSED_FUNCTION = YES;
				GCC_WARN_UNUSED_VARIABLE = YES;
				IPHONEOS_DEPLOYMENT_TARGET = 13.0;
				MTL_ENABLE_DEBUG_INFO = NO;
				MTL_FAST_MATH = YES;
				SDKROOT = iphoneos;
				SWIFT_COMPILATION_MODE = wholemodule;
				SWIFT_OPTIMIZATION_LEVEL = "-O";
				VALIDATE_PRODUCT = YES;
			};
			name = Release;
		};
		9AA96338239019C6000539A4 /* Debug */ = {
			isa = XCBuildConfiguration;
			baseConfigurationReference = 3E2A9165A6B74D7C74CD79BE /* Pods-Uranus.debug.xcconfig */;
			buildSettings = {
				ASSETCATALOG_COMPILER_APPICON_NAME = AppIcon;
				CODE_SIGN_STYLE = Automatic;
				DEVELOPMENT_ASSET_PATHS = "\"Uranus/Preview Content\"";
				DEVELOPMENT_TEAM = WA2YZKB5GB;
				ENABLE_PREVIEWS = YES;
				INFOPLIST_FILE = Uranus/Info.plist;
				LD_RUNPATH_SEARCH_PATHS = (
					"$(inherited)",
					"@executable_path/Frameworks",
				);
				PRODUCT_BUNDLE_IDENTIFIER = com.rudeigerc.iUranus;
				PRODUCT_NAME = "$(TARGET_NAME)";
				SWIFT_VERSION = 5.0;
				TARGETED_DEVICE_FAMILY = "1,2";
			};
			name = Debug;
		};
		9AA96339239019C6000539A4 /* Release */ = {
			isa = XCBuildConfiguration;
			baseConfigurationReference = E54FAFF6763F93253921FA4E /* Pods-Uranus.release.xcconfig */;
			buildSettings = {
				ASSETCATALOG_COMPILER_APPICON_NAME = AppIcon;
				CODE_SIGN_STYLE = Automatic;
				DEVELOPMENT_ASSET_PATHS = "\"Uranus/Preview Content\"";
				DEVELOPMENT_TEAM = WA2YZKB5GB;
				ENABLE_PREVIEWS = YES;
				INFOPLIST_FILE = Uranus/Info.plist;
				LD_RUNPATH_SEARCH_PATHS = (
					"$(inherited)",
					"@executable_path/Frameworks",
				);
				PRODUCT_BUNDLE_IDENTIFIER = com.rudeigerc.iUranus;
				PRODUCT_NAME = "$(TARGET_NAME)";
				SWIFT_VERSION = 5.0;
				TARGETED_DEVICE_FAMILY = "1,2";
			};
			name = Release;
		};
		9AA9633B239019C6000539A4 /* Debug */ = {
			isa = XCBuildConfiguration;
			baseConfigurationReference = BA4ECF9C4AB804F30D546A6F /* Pods-UranusTests.debug.xcconfig */;
			buildSettings = {
				ALWAYS_EMBED_SWIFT_STANDARD_LIBRARIES = "$(inherited)";
				BUNDLE_LOADER = "$(TEST_HOST)";
				CODE_SIGN_STYLE = Automatic;
				DEVELOPMENT_TEAM = WA2YZKB5GB;
				INFOPLIST_FILE = UranusTests/Info.plist;
				IPHONEOS_DEPLOYMENT_TARGET = 13.2;
				LD_RUNPATH_SEARCH_PATHS = (
					"$(inherited)",
					"@executable_path/Frameworks",
					"@loader_path/Frameworks",
				);
				PRODUCT_BUNDLE_IDENTIFIER = com.rudeigerc.UranusTests;
				PRODUCT_NAME = "$(TARGET_NAME)";
				SWIFT_VERSION = 5.0;
				TARGETED_DEVICE_FAMILY = "1,2";
				TEST_HOST = "$(BUILT_PRODUCTS_DIR)/Uranus.app/Uranus";
			};
			name = Debug;
		};
		9AA9633C239019C6000539A4 /* Release */ = {
			isa = XCBuildConfiguration;
			baseConfigurationReference = A686F2255DFF1DDEE53D36B2 /* Pods-UranusTests.release.xcconfig */;
			buildSettings = {
				ALWAYS_EMBED_SWIFT_STANDARD_LIBRARIES = "$(inherited)";
				BUNDLE_LOADER = "$(TEST_HOST)";
				CODE_SIGN_STYLE = Automatic;
				DEVELOPMENT_TEAM = WA2YZKB5GB;
				INFOPLIST_FILE = UranusTests/Info.plist;
				IPHONEOS_DEPLOYMENT_TARGET = 13.2;
				LD_RUNPATH_SEARCH_PATHS = (
					"$(inherited)",
					"@executable_path/Frameworks",
					"@loader_path/Frameworks",
				);
				PRODUCT_BUNDLE_IDENTIFIER = com.rudeigerc.UranusTests;
				PRODUCT_NAME = "$(TARGET_NAME)";
				SWIFT_VERSION = 5.0;
				TARGETED_DEVICE_FAMILY = "1,2";
				TEST_HOST = "$(BUILT_PRODUCTS_DIR)/Uranus.app/Uranus";
			};
			name = Release;
		};
		9AA9633E239019C6000539A4 /* Debug */ = {
			isa = XCBuildConfiguration;
			baseConfigurationReference = E3A6A866E501DDD4207A942E /* Pods-Uranus-UranusUITests.debug.xcconfig */;
			buildSettings = {
				ALWAYS_EMBED_SWIFT_STANDARD_LIBRARIES = "$(inherited)";
				CODE_SIGN_STYLE = Automatic;
				DEVELOPMENT_TEAM = WA2YZKB5GB;
				INFOPLIST_FILE = UranusUITests/Info.plist;
				LD_RUNPATH_SEARCH_PATHS = (
					"$(inherited)",
					"@executable_path/Frameworks",
					"@loader_path/Frameworks",
				);
				PRODUCT_BUNDLE_IDENTIFIER = com.rudeigerc.UranusUITests;
				PRODUCT_NAME = "$(TARGET_NAME)";
				SWIFT_VERSION = 5.0;
				TARGETED_DEVICE_FAMILY = "1,2";
				TEST_TARGET_NAME = Uranus;
			};
			name = Debug;
		};
		9AA9633F239019C6000539A4 /* Release */ = {
			isa = XCBuildConfiguration;
			baseConfigurationReference = C593ECB11047A8D2D9C7DB68 /* Pods-Uranus-UranusUITests.release.xcconfig */;
			buildSettings = {
				ALWAYS_EMBED_SWIFT_STANDARD_LIBRARIES = "$(inherited)";
				CODE_SIGN_STYLE = Automatic;
				DEVELOPMENT_TEAM = WA2YZKB5GB;
				INFOPLIST_FILE = UranusUITests/Info.plist;
				LD_RUNPATH_SEARCH_PATHS = (
					"$(inherited)",
					"@executable_path/Frameworks",
					"@loader_path/Frameworks",
				);
				PRODUCT_BUNDLE_IDENTIFIER = com.rudeigerc.UranusUITests;
				PRODUCT_NAME = "$(TARGET_NAME)";
				SWIFT_VERSION = 5.0;
				TARGETED_DEVICE_FAMILY = "1,2";
				TEST_TARGET_NAME = Uranus;
			};
			name = Release;
		};
/* End XCBuildConfiguration section */

/* Begin XCConfigurationList section */
		9AA96308239019C3000539A4 /* Build configuration list for PBXProject "Uranus" */ = {
			isa = XCConfigurationList;
			buildConfigurations = (
				9AA96335239019C6000539A4 /* Debug */,
				9AA96336239019C6000539A4 /* Release */,
			);
			defaultConfigurationIsVisible = 0;
			defaultConfigurationName = Release;
		};
		9AA96337239019C6000539A4 /* Build configuration list for PBXNativeTarget "Uranus" */ = {
			isa = XCConfigurationList;
			buildConfigurations = (
				9AA96338239019C6000539A4 /* Debug */,
				9AA96339239019C6000539A4 /* Release */,
			);
			defaultConfigurationIsVisible = 0;
			defaultConfigurationName = Release;
		};
		9AA9633A239019C6000539A4 /* Build configuration list for PBXNativeTarget "UranusTests" */ = {
			isa = XCConfigurationList;
			buildConfigurations = (
				9AA9633B239019C6000539A4 /* Debug */,
				9AA9633C239019C6000539A4 /* Release */,
			);
			defaultConfigurationIsVisible = 0;
			defaultConfigurationName = Release;
		};
		9AA9633D239019C6000539A4 /* Build configuration list for PBXNativeTarget "UranusUITests" */ = {
			isa = XCConfigurationList;
			buildConfigurations = (
				9AA9633E239019C6000539A4 /* Debug */,
				9AA9633F239019C6000539A4 /* Release */,
			);
			defaultConfigurationIsVisible = 0;
			defaultConfigurationName = Release;
		};
/* End XCConfigurationList section */
	};
	rootObject = 9AA96305239019C3000539A4 /* Project object */;
}
